
Microsoft Visual Studio Solution File, Format Version 12.00
# Visual Studio Version 17
VisualStudioVersion = 17.8.34330.188
MinimumVisualStudioVersion = 10.0.40219.1
Project("{FAE04EC0-301F-11D3-BF4B-00C04F79EFBC}") = "Odevmoedcjvajsd", "Odevmoedcjvajsd\Odevmoedcjvajsd.csproj", "{8A11CB56-9EEB-46B0-AA7A-C914004834C9}"
EndProject
Global
	GlobalSection(SolutionConfigurationPlatforms) = preSolution
		Debug|Any CPU = Debug|Any CPU
		Release|Any CPU = Release|Any CPU
	EndGlobalSection
	GlobalSection(ProjectConfigurationPlatforms) = postSolution
		{8A11CB56-9EEB-46B0-AA7A-C914004834C9}.Debug|Any CPU.ActiveCfg = Debug|Any CPU
		{8A11CB56-9EEB-46B0-AA7A-C914004834C9}.Debug|Any CPU.Build.0 = Debug|Any CPU
		{8A11CB56-9EEB-46B0-AA7A-C914004834C9}.Release|Any CPU.ActiveCfg = Release|Any CPU
		{8A11CB56-9EEB-46B0-AA7A-C914004834C9}.Release|Any CPU.Build.0 = Release|Any CPU
	EndGlobalSection
	GlobalSection(SolutionProperties) = preSolution
		HideSolutionNode = FALSE
	EndGlobalSection
	GlobalSection(ExtensibilityGlobals) = postSolution
		SolutionGuid = {8EB4168A-203A-4FD0-A62A-C7614F5D828E}
	EndGlobalSection
EndGlobal
